
Microsoft Visual Studio Solution File, Format Version 12.00
# Visual Studio Version 16
VisualStudioVersion = 16.0.31515.178
MinimumVisualStudioVersion = 10.0.40219.1
Project("{FAE04EC0-301F-11D3-BF4B-00C04F79EFBC}") = "FIT5032_W3", "FIT5032_W3\FIT5032_W3.csproj", "{6B449D12-1C89-4B3F-9EC2-F5AA4C23D7F1}"
EndProject
Global
	GlobalSection(SolutionConfigurationPlatforms) = preSolution
		Debug|Any CPU = Debug|Any CPU
		Release|Any CPU = Release|Any CPU
	EndGlobalSection
	GlobalSection(ProjectConfigurationPlatforms) = postSolution
		{6B449D12-1C89-4B3F-9EC2-F5AA4C23D7F1}.Debug|Any CPU.ActiveCfg = Debug|Any CPU
		{6B449D12-1C89-4B3F-9EC2-F5AA4C23D7F1}.Debug|Any CPU.Build.0 = Debug|Any CPU
		{6B449D12-1C89-4B3F-9EC2-F5AA4C23D7F1}.Release|Any CPU.ActiveCfg = Release|Any CPU
		{6B449D12-1C89-4B3F-9EC2-F5AA4C23D7F1}.Release|Any CPU.Build.0 = Release|Any CPU
	EndGlobalSection
	GlobalSection(SolutionProperties) = preSolution
		HideSolutionNode = FALSE
	EndGlobalSection
	GlobalSection(ExtensibilityGlobals) = postSolution
		SolutionGuid = {A71194EC-3994-4401-BC6B-5F7A92347808}
	EndGlobalSection
EndGlobal
