
Microsoft Visual Studio Solution File, Format Version 12.00
# Visual Studio Version 16
VisualStudioVersion = 16.0.31515.178
MinimumVisualStudioVersion = 10.0.40219.1
Project("{FAE04EC0-301F-11D3-BF4B-00C04F79EFBC}") = "FIT5032_MyJs", "FIT5032_MyJs\FIT5032_MyJs.csproj", "{04E6C719-2FFD-42B5-905D-1F8362A68521}"
EndProject
Global
	GlobalSection(SolutionConfigurationPlatforms) = preSolution
		Debug|Any CPU = Debug|Any CPU
		Release|Any CPU = Release|Any CPU
	EndGlobalSection
	GlobalSection(ProjectConfigurationPlatforms) = postSolution
		{04E6C719-2FFD-42B5-905D-1F8362A68521}.Debug|Any CPU.ActiveCfg = Debug|Any CPU
		{04E6C719-2FFD-42B5-905D-1F8362A68521}.Debug|Any CPU.Build.0 = Debug|Any CPU
		{04E6C719-2FFD-42B5-905D-1F8362A68521}.Release|Any CPU.ActiveCfg = Release|Any CPU
		{04E6C719-2FFD-42B5-905D-1F8362A68521}.Release|Any CPU.Build.0 = Release|Any CPU
	EndGlobalSection
	GlobalSection(SolutionProperties) = preSolution
		HideSolutionNode = FALSE
	EndGlobalSection
	GlobalSection(ExtensibilityGlobals) = postSolution
		SolutionGuid = {50972FA8-FC94-40B3-A206-D89CB2FD9467}
	EndGlobalSection
EndGlobal
